
Microsoft Visual Studio Solution File, Format Version 12.00
# Visual Studio 15
VisualStudioVersion = 15.0.26430.13
MinimumVisualStudioVersion = 10.0.40219.1
Project("{FAE04EC0-301F-11D3-BF4B-00C04F79EFBC}") = "Teste Aula 12", "Teste Aula 12\Teste Aula 12.csproj", "{1313912D-2520-4864-BD30-AEF4991DBD7C}"
EndProject
Project("{FAE04EC0-301F-11D3-BF4B-00C04F79EFBC}") = "Teste", "Teste\Teste.csproj", "{9FDA1502-F45A-4F18-BC11-F57BD68ACCEF}"
EndProject
Global
	GlobalSection(SolutionConfigurationPlatforms) = preSolution
		Debug|Any CPU = Debug|Any CPU
		Release|Any CPU = Release|Any CPU
	EndGlobalSection
	GlobalSection(ProjectConfigurationPlatforms) = postSolution
		{1313912D-2520-4864-BD30-AEF4991DBD7C}.Debug|Any CPU.ActiveCfg = Debug|Any CPU
		{1313912D-2520-4864-BD30-AEF4991DBD7C}.Debug|Any CPU.Build.0 = Debug|Any CPU
		{1313912D-2520-4864-BD30-AEF4991DBD7C}.Release|Any CPU.ActiveCfg = Release|Any CPU
		{1313912D-2520-4864-BD30-AEF4991DBD7C}.Release|Any CPU.Build.0 = Release|Any CPU
		{9FDA1502-F45A-4F18-BC11-F57BD68ACCEF}.Debug|Any CPU.ActiveCfg = Debug|Any CPU
		{9FDA1502-F45A-4F18-BC11-F57BD68ACCEF}.Debug|Any CPU.Build.0 = Debug|Any CPU
		{9FDA1502-F45A-4F18-BC11-F57BD68ACCEF}.Release|Any CPU.ActiveCfg = Release|Any CPU
		{9FDA1502-F45A-4F18-BC11-F57BD68ACCEF}.Release|Any CPU.Build.0 = Release|Any CPU
	EndGlobalSection
	GlobalSection(SolutionProperties) = preSolution
		HideSolutionNode = FALSE
	EndGlobalSection
EndGlobal
